
Microsoft Visual Studio Solution File, Format Version 12.00
# Visual Studio 2012
Project("{FAE04EC0-301F-11D3-BF4B-00C04F79EFBC}") = "MVC", "MVC\MVC.csproj", "{837C9F92-4B5C-4C45-8ED0-D67EE247B9EA}"
EndProject
Project("{FAE04EC0-301F-11D3-BF4B-00C04F79EFBC}") = "DAL", "DAL\DAL.csproj", "{6DAC01A6-6660-4F46-B5AF-3B7E7E275A86}"
EndProject
Global
	GlobalSection(SolutionConfigurationPlatforms) = preSolution
		Debug|Any CPU = Debug|Any CPU
		Release|Any CPU = Release|Any CPU
	EndGlobalSection
	GlobalSection(ProjectConfigurationPlatforms) = postSolution
		{837C9F92-4B5C-4C45-8ED0-D67EE247B9EA}.Debug|Any CPU.ActiveCfg = Debug|Any CPU
		{837C9F92-4B5C-4C45-8ED0-D67EE247B9EA}.Debug|Any CPU.Build.0 = Debug|Any CPU
		{837C9F92-4B5C-4C45-8ED0-D67EE247B9EA}.Release|Any CPU.ActiveCfg = Release|Any CPU
		{837C9F92-4B5C-4C45-8ED0-D67EE247B9EA}.Release|Any CPU.Build.0 = Release|Any CPU
		{6DAC01A6-6660-4F46-B5AF-3B7E7E275A86}.Debug|Any CPU.ActiveCfg = Debug|Any CPU
		{6DAC01A6-6660-4F46-B5AF-3B7E7E275A86}.Debug|Any CPU.Build.0 = Debug|Any CPU
		{6DAC01A6-6660-4F46-B5AF-3B7E7E275A86}.Release|Any CPU.ActiveCfg = Release|Any CPU
		{6DAC01A6-6660-4F46-B5AF-3B7E7E275A86}.Release|Any CPU.Build.0 = Release|Any CPU
	EndGlobalSection
	GlobalSection(SolutionProperties) = preSolution
		HideSolutionNode = FALSE
	EndGlobalSection
EndGlobal
